
Microsoft Visual Studio Solution File, Format Version 12.00
# Visual Studio Version 17
VisualStudioVersion = 17.3.32811.315
MinimumVisualStudioVersion = 10.0.40219.1
Project("{8BC9CEB8-8B4A-11D0-8D11-00A0C91BC942}") = "Week4_Wednesday_HeaderFile", "Week4_Wednesday\Week4_Wednesday.vcxproj", "{C6EEE0F0-56B0-41EB-ACD9-FFB40C31FA75}"
EndProject
Global
	GlobalSection(SolutionConfigurationPlatforms) = preSolution
		Debug|x64 = Debug|x64
		Debug|x86 = Debug|x86
		Release|x64 = Release|x64
		Release|x86 = Release|x86
	EndGlobalSection
	GlobalSection(ProjectConfigurationPlatforms) = postSolution
		{C6EEE0F0-56B0-41EB-ACD9-FFB40C31FA75}.Debug|x64.ActiveCfg = Debug|x64
		{C6EEE0F0-56B0-41EB-ACD9-FFB40C31FA75}.Debug|x64.Build.0 = Debug|x64
		{C6EEE0F0-56B0-41EB-ACD9-FFB40C31FA75}.Debug|x86.ActiveCfg = Debug|Win32
		{C6EEE0F0-56B0-41EB-ACD9-FFB40C31FA75}.Debug|x86.Build.0 = Debug|Win32
		{C6EEE0F0-56B0-41EB-ACD9-FFB40C31FA75}.Release|x64.ActiveCfg = Release|x64
		{C6EEE0F0-56B0-41EB-ACD9-FFB40C31FA75}.Release|x64.Build.0 = Release|x64
		{C6EEE0F0-56B0-41EB-ACD9-FFB40C31FA75}.Release|x86.ActiveCfg = Release|Win32
		{C6EEE0F0-56B0-41EB-ACD9-FFB40C31FA75}.Release|x86.Build.0 = Release|Win32
	EndGlobalSection
	GlobalSection(SolutionProperties) = preSolution
		HideSolutionNode = FALSE
	EndGlobalSection
	GlobalSection(ExtensibilityGlobals) = postSolution
		SolutionGuid = {1F05D9B3-5B60-405B-80B4-D651B3627384}
	EndGlobalSection
EndGlobal
